
Microsoft Visual Studio Solution File, Format Version 12.00
# Visual Studio Version 16
VisualStudioVersion = 16.0.31321.278
MinimumVisualStudioVersion = 10.0.40219.1
Project("{FAE04EC0-301F-11D3-BF4B-00C04F79EFBC}") = "PatternDecorator", "PatternDecorator\PatternDecorator.csproj", "{3EDB9EF1-B271-4005-A512-99009ED400F8}"
EndProject
Project("{FAE04EC0-301F-11D3-BF4B-00C04F79EFBC}") = "DecoratorLib", "DecoratorLib\DecoratorLib.csproj", "{4C77A918-25CE-45AC-86BE-8D9F28CF4294}"
EndProject
Global
	GlobalSection(SolutionConfigurationPlatforms) = preSolution
		Debug|Any CPU = Debug|Any CPU
		Release|Any CPU = Release|Any CPU
	EndGlobalSection
	GlobalSection(ProjectConfigurationPlatforms) = postSolution
		{3EDB9EF1-B271-4005-A512-99009ED400F8}.Debug|Any CPU.ActiveCfg = Debug|Any CPU
		{3EDB9EF1-B271-4005-A512-99009ED400F8}.Debug|Any CPU.Build.0 = Debug|Any CPU
		{3EDB9EF1-B271-4005-A512-99009ED400F8}.Release|Any CPU.ActiveCfg = Release|Any CPU
		{3EDB9EF1-B271-4005-A512-99009ED400F8}.Release|Any CPU.Build.0 = Release|Any CPU
		{4C77A918-25CE-45AC-86BE-8D9F28CF4294}.Debug|Any CPU.ActiveCfg = Debug|Any CPU
		{4C77A918-25CE-45AC-86BE-8D9F28CF4294}.Debug|Any CPU.Build.0 = Debug|Any CPU
		{4C77A918-25CE-45AC-86BE-8D9F28CF4294}.Release|Any CPU.ActiveCfg = Release|Any CPU
		{4C77A918-25CE-45AC-86BE-8D9F28CF4294}.Release|Any CPU.Build.0 = Release|Any CPU
	EndGlobalSection
	GlobalSection(SolutionProperties) = preSolution
		HideSolutionNode = FALSE
	EndGlobalSection
	GlobalSection(ExtensibilityGlobals) = postSolution
		SolutionGuid = {DCD72B14-11E8-4597-ABE8-5C97BB4CFB54}
	EndGlobalSection
EndGlobal
